
Microsoft Visual Studio Solution File, Format Version 12.00
# Visual Studio Version 17
VisualStudioVersion = 17.9.34622.214
MinimumVisualStudioVersion = 10.0.40219.1
Project("{FAE04EC0-301F-11D3-BF4B-00C04F79EFBC}") = "MyCv.UI", "MyCv.UI\MyCv.UI.csproj", "{92767FD5-304B-4558-BE88-6905295D7EE6}"
EndProject
Project("{2150E333-8FDC-42A3-9474-1A3956D46DE8}") = "common", "common", "{97DD6FD9-9E98-47C3-A3E6-D1E8781171EE}"
EndProject
Project("{FAE04EC0-301F-11D3-BF4B-00C04F79EFBC}") = "MyCv.Common.Domain", "MyCv.Common.Domain\MyCv.Common.Domain.csproj", "{53A85CE9-C30D-4B45-86B8-C3C9842FCEC8}"
EndProject
Project("{FAE04EC0-301F-11D3-BF4B-00C04F79EFBC}") = "MyCv.Common.Domain.UnitTests", "MyCv.Common.Domain.UnitTests\MyCv.Common.Domain.UnitTests.csproj", "{3905517D-C80D-4499-8B2D-59E6BE46B67E}"
EndProject
Global
	GlobalSection(SolutionConfigurationPlatforms) = preSolution
		Debug|Any CPU = Debug|Any CPU
		Release|Any CPU = Release|Any CPU
	EndGlobalSection
	GlobalSection(ProjectConfigurationPlatforms) = postSolution
		{92767FD5-304B-4558-BE88-6905295D7EE6}.Debug|Any CPU.ActiveCfg = Debug|Any CPU
		{92767FD5-304B-4558-BE88-6905295D7EE6}.Debug|Any CPU.Build.0 = Debug|Any CPU
		{92767FD5-304B-4558-BE88-6905295D7EE6}.Release|Any CPU.ActiveCfg = Release|Any CPU
		{92767FD5-304B-4558-BE88-6905295D7EE6}.Release|Any CPU.Build.0 = Release|Any CPU
		{53A85CE9-C30D-4B45-86B8-C3C9842FCEC8}.Debug|Any CPU.ActiveCfg = Debug|Any CPU
		{53A85CE9-C30D-4B45-86B8-C3C9842FCEC8}.Debug|Any CPU.Build.0 = Debug|Any CPU
		{53A85CE9-C30D-4B45-86B8-C3C9842FCEC8}.Release|Any CPU.ActiveCfg = Release|Any CPU
		{53A85CE9-C30D-4B45-86B8-C3C9842FCEC8}.Release|Any CPU.Build.0 = Release|Any CPU
		{3905517D-C80D-4499-8B2D-59E6BE46B67E}.Debug|Any CPU.ActiveCfg = Debug|Any CPU
		{3905517D-C80D-4499-8B2D-59E6BE46B67E}.Debug|Any CPU.Build.0 = Debug|Any CPU
		{3905517D-C80D-4499-8B2D-59E6BE46B67E}.Release|Any CPU.ActiveCfg = Release|Any CPU
		{3905517D-C80D-4499-8B2D-59E6BE46B67E}.Release|Any CPU.Build.0 = Release|Any CPU
	EndGlobalSection
	GlobalSection(SolutionProperties) = preSolution
		HideSolutionNode = FALSE
	EndGlobalSection
	GlobalSection(NestedProjects) = preSolution
		{53A85CE9-C30D-4B45-86B8-C3C9842FCEC8} = {97DD6FD9-9E98-47C3-A3E6-D1E8781171EE}
		{3905517D-C80D-4499-8B2D-59E6BE46B67E} = {97DD6FD9-9E98-47C3-A3E6-D1E8781171EE}
	EndGlobalSection
	GlobalSection(ExtensibilityGlobals) = postSolution
		SolutionGuid = {562A1F09-2773-4CCC-9B82-E06FD02A17E2}
	EndGlobalSection
EndGlobal
