
Microsoft Visual Studio Solution File, Format Version 12.00
# Visual Studio Version 17
VisualStudioVersion = 17.9.34622.214
MinimumVisualStudioVersion = 10.0.40219.1
Project("{9A19103F-16F7-4668-BE54-9A1E7A4F7556}") = "MyCv.UI", "MyCv.UI\MyCv.UI.csproj", "{92767FD5-304B-4558-BE88-6905295D7EE6}"
EndProject
Project("{2150E333-8FDC-42A3-9474-1A3956D46DE8}") = "rating", "rating", "{6B2F1267-30CA-478B-A768-05E5F93FD2EB}"
EndProject
Project("{2150E333-8FDC-42A3-9474-1A3956D46DE8}") = "common", "common", "{97DD6FD9-9E98-47C3-A3E6-D1E8781171EE}"
EndProject
Project("{9A19103F-16F7-4668-BE54-9A1E7A4F7556}") = "MyCv.Rating.Api.Read", "rating\MyCv.Rating.Api.Read\MyCv.Rating.Api.Read.csproj", "{A9E61C77-0AB9-47BD-B7C2-600A2701135F}"
EndProject
Project("{9A19103F-16F7-4668-BE54-9A1E7A4F7556}") = "MyCv.Rating.Application", "rating\MyCv.Rating.Application\MyCv.Rating.Application.csproj", "{838EA499-D286-4BA3-9791-90F67AB8CCF0}"
EndProject
Project("{9A19103F-16F7-4668-BE54-9A1E7A4F7556}") = "MyCv.Rating.Application.UnitTests", "rating\MyCv.Rating.Application.UnitTests\MyCv.Rating.Application.UnitTests.csproj", "{7FC917F2-AA43-41B2-939B-B28421EFAD0A}"
EndProject
Project("{9A19103F-16F7-4668-BE54-9A1E7A4F7556}") = "MyCv.Rating.Domain", "rating\MyCv.Rating.Domain\MyCv.Rating.Domain.csproj", "{6DEAC7DD-2FBD-40D9-8809-448A1CF8C784}"
EndProject
Project("{9A19103F-16F7-4668-BE54-9A1E7A4F7556}") = "MyCv.Rating.Domain.UnitTests", "rating\MyCv.Rating.Domain.UnitTests\MyCv.Rating.Domain.UnitTests.csproj", "{4F3107FE-096B-48D9-84DE-FF5003F18271}"
EndProject
Project("{9A19103F-16F7-4668-BE54-9A1E7A4F7556}") = "MyCv.Rating.Infrastructure", "rating\MyCv.Rating.Infrastructure\MyCv.Rating.Infrastructure.csproj", "{7DF76660-2ABF-4FCB-932A-11318F917BD5}"
EndProject
Project("{9A19103F-16F7-4668-BE54-9A1E7A4F7556}") = "MyCv.Rating.Infrastructure.UnitTests", "rating\MyCv.Rating.Infrastructure.UnitTests\MyCv.Rating.Infrastructure.UnitTests.csproj", "{CFAEF3C2-C274-4CBA-AA17-6BBDC760DBCE}"
EndProject
Project("{9A19103F-16F7-4668-BE54-9A1E7A4F7556}") = "MyCv.Common.Domain", "common\MyCv.Common.Domain\MyCv.Common.Domain.csproj", "{E15E3DAA-D256-425C-AC20-6A48EED314C6}"
EndProject
Project("{9A19103F-16F7-4668-BE54-9A1E7A4F7556}") = "MyCv.Common.Domain.UnitTests", "common\MyCv.Common.Domain.UnitTests\MyCv.Common.Domain.UnitTests.csproj", "{C6E38D32-8270-4012-9E62-F6978D89DF65}"
EndProject
Project("{FAE04EC0-301F-11D3-BF4B-00C04F79EFBC}") = "MyCv.Common.HealthChecks", "common\MyCv.Common.HealthChecks\MyCv.Common.HealthChecks.csproj", "{52DE6DD0-CABB-41A0-A532-6932F210E530}"
EndProject
Project("{FAE04EC0-301F-11D3-BF4B-00C04F79EFBC}") = "MyCv.Common.HealthChecks.UnitTests", "common\MyCv.Common.HealthChecks.UnitTests\MyCv.Common.HealthChecks.UnitTests.csproj", "{0A27F67D-56F5-4F8D-8D3D-8E972CD33CD6}"
EndProject
Global
	GlobalSection(SolutionConfigurationPlatforms) = preSolution
		Debug|Any CPU = Debug|Any CPU
		Release|Any CPU = Release|Any CPU
	EndGlobalSection
	GlobalSection(ProjectConfigurationPlatforms) = postSolution
		{92767FD5-304B-4558-BE88-6905295D7EE6}.Debug|Any CPU.ActiveCfg = Debug|Any CPU
		{92767FD5-304B-4558-BE88-6905295D7EE6}.Debug|Any CPU.Build.0 = Debug|Any CPU
		{92767FD5-304B-4558-BE88-6905295D7EE6}.Release|Any CPU.ActiveCfg = Release|Any CPU
		{92767FD5-304B-4558-BE88-6905295D7EE6}.Release|Any CPU.Build.0 = Release|Any CPU
		{A9E61C77-0AB9-47BD-B7C2-600A2701135F}.Debug|Any CPU.ActiveCfg = Debug|Any CPU
		{A9E61C77-0AB9-47BD-B7C2-600A2701135F}.Debug|Any CPU.Build.0 = Debug|Any CPU
		{A9E61C77-0AB9-47BD-B7C2-600A2701135F}.Release|Any CPU.ActiveCfg = Release|Any CPU
		{A9E61C77-0AB9-47BD-B7C2-600A2701135F}.Release|Any CPU.Build.0 = Release|Any CPU
		{838EA499-D286-4BA3-9791-90F67AB8CCF0}.Debug|Any CPU.ActiveCfg = Debug|Any CPU
		{838EA499-D286-4BA3-9791-90F67AB8CCF0}.Debug|Any CPU.Build.0 = Debug|Any CPU
		{838EA499-D286-4BA3-9791-90F67AB8CCF0}.Release|Any CPU.ActiveCfg = Release|Any CPU
		{838EA499-D286-4BA3-9791-90F67AB8CCF0}.Release|Any CPU.Build.0 = Release|Any CPU
		{7FC917F2-AA43-41B2-939B-B28421EFAD0A}.Debug|Any CPU.ActiveCfg = Debug|Any CPU
		{7FC917F2-AA43-41B2-939B-B28421EFAD0A}.Debug|Any CPU.Build.0 = Debug|Any CPU
		{7FC917F2-AA43-41B2-939B-B28421EFAD0A}.Release|Any CPU.ActiveCfg = Release|Any CPU
		{7FC917F2-AA43-41B2-939B-B28421EFAD0A}.Release|Any CPU.Build.0 = Release|Any CPU
		{6DEAC7DD-2FBD-40D9-8809-448A1CF8C784}.Debug|Any CPU.ActiveCfg = Debug|Any CPU
		{6DEAC7DD-2FBD-40D9-8809-448A1CF8C784}.Debug|Any CPU.Build.0 = Debug|Any CPU
		{6DEAC7DD-2FBD-40D9-8809-448A1CF8C784}.Release|Any CPU.ActiveCfg = Release|Any CPU
		{6DEAC7DD-2FBD-40D9-8809-448A1CF8C784}.Release|Any CPU.Build.0 = Release|Any CPU
		{4F3107FE-096B-48D9-84DE-FF5003F18271}.Debug|Any CPU.ActiveCfg = Debug|Any CPU
		{4F3107FE-096B-48D9-84DE-FF5003F18271}.Debug|Any CPU.Build.0 = Debug|Any CPU
		{4F3107FE-096B-48D9-84DE-FF5003F18271}.Release|Any CPU.ActiveCfg = Release|Any CPU
		{4F3107FE-096B-48D9-84DE-FF5003F18271}.Release|Any CPU.Build.0 = Release|Any CPU
		{7DF76660-2ABF-4FCB-932A-11318F917BD5}.Debug|Any CPU.ActiveCfg = Debug|Any CPU
		{7DF76660-2ABF-4FCB-932A-11318F917BD5}.Debug|Any CPU.Build.0 = Debug|Any CPU
		{7DF76660-2ABF-4FCB-932A-11318F917BD5}.Release|Any CPU.ActiveCfg = Release|Any CPU
		{7DF76660-2ABF-4FCB-932A-11318F917BD5}.Release|Any CPU.Build.0 = Release|Any CPU
		{CFAEF3C2-C274-4CBA-AA17-6BBDC760DBCE}.Debug|Any CPU.ActiveCfg = Debug|Any CPU
		{CFAEF3C2-C274-4CBA-AA17-6BBDC760DBCE}.Debug|Any CPU.Build.0 = Debug|Any CPU
		{CFAEF3C2-C274-4CBA-AA17-6BBDC760DBCE}.Release|Any CPU.ActiveCfg = Release|Any CPU
		{CFAEF3C2-C274-4CBA-AA17-6BBDC760DBCE}.Release|Any CPU.Build.0 = Release|Any CPU
		{E15E3DAA-D256-425C-AC20-6A48EED314C6}.Debug|Any CPU.ActiveCfg = Debug|Any CPU
		{E15E3DAA-D256-425C-AC20-6A48EED314C6}.Debug|Any CPU.Build.0 = Debug|Any CPU
		{E15E3DAA-D256-425C-AC20-6A48EED314C6}.Release|Any CPU.ActiveCfg = Release|Any CPU
		{E15E3DAA-D256-425C-AC20-6A48EED314C6}.Release|Any CPU.Build.0 = Release|Any CPU
		{C6E38D32-8270-4012-9E62-F6978D89DF65}.Debug|Any CPU.ActiveCfg = Debug|Any CPU
		{C6E38D32-8270-4012-9E62-F6978D89DF65}.Debug|Any CPU.Build.0 = Debug|Any CPU
		{C6E38D32-8270-4012-9E62-F6978D89DF65}.Release|Any CPU.ActiveCfg = Release|Any CPU
		{C6E38D32-8270-4012-9E62-F6978D89DF65}.Release|Any CPU.Build.0 = Release|Any CPU
		{52DE6DD0-CABB-41A0-A532-6932F210E530}.Debug|Any CPU.ActiveCfg = Debug|Any CPU
		{52DE6DD0-CABB-41A0-A532-6932F210E530}.Debug|Any CPU.Build.0 = Debug|Any CPU
		{52DE6DD0-CABB-41A0-A532-6932F210E530}.Release|Any CPU.ActiveCfg = Release|Any CPU
		{52DE6DD0-CABB-41A0-A532-6932F210E530}.Release|Any CPU.Build.0 = Release|Any CPU
		{0A27F67D-56F5-4F8D-8D3D-8E972CD33CD6}.Debug|Any CPU.ActiveCfg = Debug|Any CPU
		{0A27F67D-56F5-4F8D-8D3D-8E972CD33CD6}.Debug|Any CPU.Build.0 = Debug|Any CPU
		{0A27F67D-56F5-4F8D-8D3D-8E972CD33CD6}.Release|Any CPU.ActiveCfg = Release|Any CPU
		{0A27F67D-56F5-4F8D-8D3D-8E972CD33CD6}.Release|Any CPU.Build.0 = Release|Any CPU
	EndGlobalSection
	GlobalSection(SolutionProperties) = preSolution
		HideSolutionNode = FALSE
	EndGlobalSection
	GlobalSection(NestedProjects) = preSolution
		{A9E61C77-0AB9-47BD-B7C2-600A2701135F} = {6B2F1267-30CA-478B-A768-05E5F93FD2EB}
		{838EA499-D286-4BA3-9791-90F67AB8CCF0} = {6B2F1267-30CA-478B-A768-05E5F93FD2EB}
		{7FC917F2-AA43-41B2-939B-B28421EFAD0A} = {6B2F1267-30CA-478B-A768-05E5F93FD2EB}
		{6DEAC7DD-2FBD-40D9-8809-448A1CF8C784} = {6B2F1267-30CA-478B-A768-05E5F93FD2EB}
		{4F3107FE-096B-48D9-84DE-FF5003F18271} = {6B2F1267-30CA-478B-A768-05E5F93FD2EB}
		{7DF76660-2ABF-4FCB-932A-11318F917BD5} = {6B2F1267-30CA-478B-A768-05E5F93FD2EB}
		{CFAEF3C2-C274-4CBA-AA17-6BBDC760DBCE} = {6B2F1267-30CA-478B-A768-05E5F93FD2EB}
		{E15E3DAA-D256-425C-AC20-6A48EED314C6} = {97DD6FD9-9E98-47C3-A3E6-D1E8781171EE}
		{C6E38D32-8270-4012-9E62-F6978D89DF65} = {97DD6FD9-9E98-47C3-A3E6-D1E8781171EE}
		{52DE6DD0-CABB-41A0-A532-6932F210E530} = {97DD6FD9-9E98-47C3-A3E6-D1E8781171EE}
		{0A27F67D-56F5-4F8D-8D3D-8E972CD33CD6} = {97DD6FD9-9E98-47C3-A3E6-D1E8781171EE}
	EndGlobalSection
	GlobalSection(ExtensibilityGlobals) = postSolution
		SolutionGuid = {562A1F09-2773-4CCC-9B82-E06FD02A17E2}
	EndGlobalSection
EndGlobal
